// !$*UTF8*$!
{
	archiveVersion = 1;
	classes = {
	};
	objectVersion = 56;
	objects = {

/* Begin PBXBuildFile section */
		CA76835329DFBF8800A68662 /* AppDelegate.swift in Sources */ = {isa = PBXBuildFile; fileRef = CA76835229DFBF8800A68662 /* AppDelegate.swift */; };
		CA76835529DFBF8800A68662 /* SceneDelegate.swift in Sources */ = {isa = PBXBuildFile; fileRef = CA76835429DFBF8800A68662 /* SceneDelegate.swift */; };
		CA76835A29DFBF8800A68662 /* Main.storyboard in Resources */ = {isa = PBXBuildFile; fileRef = CA76835829DFBF8800A68662 /* Main.storyboard */; };
		CA76835C29DFBF8900A68662 /* Assets.xcassets in Resources */ = {isa = PBXBuildFile; fileRef = CA76835B29DFBF8900A68662 /* Assets.xcassets */; };
		CA76835F29DFBF8900A68662 /* LaunchScreen.storyboard in Resources */ = {isa = PBXBuildFile; fileRef = CA76835D29DFBF8900A68662 /* LaunchScreen.storyboard */; };
		CA76836A29DFBF8900A68662 /* VIP_DemoTests.swift in Sources */ = {isa = PBXBuildFile; fileRef = CA76836929DFBF8900A68662 /* VIP_DemoTests.swift */; };
		CA76838729DFC02900A68662 /* AppDelegate.swift in Sources */ = {isa = PBXBuildFile; fileRef = CA76838629DFC02900A68662 /* AppDelegate.swift */; };
		CA76838929DFC02900A68662 /* SceneDelegate.swift in Sources */ = {isa = PBXBuildFile; fileRef = CA76838829DFC02900A68662 /* SceneDelegate.swift */; };
		CA76838B29DFC02900A68662 /* ViewController.swift in Sources */ = {isa = PBXBuildFile; fileRef = CA76838A29DFC02900A68662 /* ViewController.swift */; };
		CA76838E29DFC02900A68662 /* Main.storyboard in Resources */ = {isa = PBXBuildFile; fileRef = CA76838C29DFC02900A68662 /* Main.storyboard */; };
		CA76839029DFC02900A68662 /* Assets.xcassets in Resources */ = {isa = PBXBuildFile; fileRef = CA76838F29DFC02900A68662 /* Assets.xcassets */; };
		CA76839329DFC02900A68662 /* LaunchScreen.storyboard in Resources */ = {isa = PBXBuildFile; fileRef = CA76839129DFC02900A68662 /* LaunchScreen.storyboard */; };
		CA76839E29DFC02A00A68662 /* MVVM_DemoTests.swift in Sources */ = {isa = PBXBuildFile; fileRef = CA76839D29DFC02A00A68662 /* MVVM_DemoTests.swift */; };
		CA7683BB29DFEEE700A68662 /* CalculatorPresenter.swift in Sources */ = {isa = PBXBuildFile; fileRef = CA7683B529DFEEE700A68662 /* CalculatorPresenter.swift */; };
		CA7683BC29DFEEE700A68662 /* CalculatorWorker.swift in Sources */ = {isa = PBXBuildFile; fileRef = CA7683B629DFEEE700A68662 /* CalculatorWorker.swift */; };
		CA7683BD29DFEEE700A68662 /* CalculatorRouter.swift in Sources */ = {isa = PBXBuildFile; fileRef = CA7683B729DFEEE700A68662 /* CalculatorRouter.swift */; };
		CA7683BE29DFEEE700A68662 /* CalculatorModels.swift in Sources */ = {isa = PBXBuildFile; fileRef = CA7683B829DFEEE700A68662 /* CalculatorModels.swift */; };
		CA7683BF29DFEEE700A68662 /* CalculatorViewController.swift in Sources */ = {isa = PBXBuildFile; fileRef = CA7683B929DFEEE700A68662 /* CalculatorViewController.swift */; };
		CA7683C029DFEEE700A68662 /* CalculatorInteractor.swift in Sources */ = {isa = PBXBuildFile; fileRef = CA7683BA29DFEEE700A68662 /* CalculatorInteractor.swift */; };
/* End PBXBuildFile section */

/* Begin PBXContainerItemProxy section */
		CA76836629DFBF8900A68662 /* PBXContainerItemProxy */ = {
			isa = PBXContainerItemProxy;
			containerPortal = CA7682D529DFBF0700A68662 /* Project object */;
			proxyType = 1;
			remoteGlobalIDString = CA76834F29DFBF8800A68662;
			remoteInfo = VIP_Demo;
		};
		CA76839A29DFC02A00A68662 /* PBXContainerItemProxy */ = {
			isa = PBXContainerItemProxy;
			containerPortal = CA7682D529DFBF0700A68662 /* Project object */;
			proxyType = 1;
			remoteGlobalIDString = CA76838329DFC02900A68662;
			remoteInfo = MVVM_Demo;
		};
/* End PBXContainerItemProxy section */

/* Begin PBXFileReference section */
		CA76835029DFBF8800A68662 /* VIP_Demo.app */ = {isa = PBXFileReference; explicitFileType = wrapper.application; includeInIndex = 0; path = VIP_Demo.app; sourceTree = BUILT_PRODUCTS_DIR; };
		CA76835229DFBF8800A68662 /* AppDelegate.swift */ = {isa = PBXFileReference; lastKnownFileType = sourcecode.swift; path = AppDelegate.swift; sourceTree = "<group>"; };
		CA76835429DFBF8800A68662 /* SceneDelegate.swift */ = {isa = PBXFileReference; lastKnownFileType = sourcecode.swift; path = SceneDelegate.swift; sourceTree = "<group>"; };
		CA76835929DFBF8800A68662 /* Base */ = {isa = PBXFileReference; lastKnownFileType = file.storyboard; name = Base; path = Base.lproj/Main.storyboard; sourceTree = "<group>"; };
		CA76835B29DFBF8900A68662 /* Assets.xcassets */ = {isa = PBXFileReference; lastKnownFileType = folder.assetcatalog; path = Assets.xcassets; sourceTree = "<group>"; };
		CA76835E29DFBF8900A68662 /* Base */ = {isa = PBXFileReference; lastKnownFileType = file.storyboard; name = Base; path = Base.lproj/LaunchScreen.storyboard; sourceTree = "<group>"; };
		CA76836029DFBF8900A68662 /* Info.plist */ = {isa = PBXFileReference; lastKnownFileType = text.plist.xml; path = Info.plist; sourceTree = "<group>"; };
		CA76836529DFBF8900A68662 /* VIP_DemoTests.xctest */ = {isa = PBXFileReference; explicitFileType = wrapper.cfbundle; includeInIndex = 0; path = VIP_DemoTests.xctest; sourceTree = BUILT_PRODUCTS_DIR; };
		CA76836929DFBF8900A68662 /* VIP_DemoTests.swift */ = {isa = PBXFileReference; lastKnownFileType = sourcecode.swift; path = VIP_DemoTests.swift; sourceTree = "<group>"; };
		CA76838429DFC02900A68662 /* MVVM_Demo.app */ = {isa = PBXFileReference; explicitFileType = wrapper.application; includeInIndex = 0; path = MVVM_Demo.app; sourceTree = BUILT_PRODUCTS_DIR; };
		CA76838629DFC02900A68662 /* AppDelegate.swift */ = {isa = PBXFileReference; lastKnownFileType = sourcecode.swift; path = AppDelegate.swift; sourceTree = "<group>"; };
		CA76838829DFC02900A68662 /* SceneDelegate.swift */ = {isa = PBXFileReference; lastKnownFileType = sourcecode.swift; path = SceneDelegate.swift; sourceTree = "<group>"; };
		CA76838A29DFC02900A68662 /* ViewController.swift */ = {isa = PBXFileReference; lastKnownFileType = sourcecode.swift; path = ViewController.swift; sourceTree = "<group>"; };
		CA76838D29DFC02900A68662 /* Base */ = {isa = PBXFileReference; lastKnownFileType = file.storyboard; name = Base; path = Base.lproj/Main.storyboard; sourceTree = "<group>"; };
		CA76838F29DFC02900A68662 /* Assets.xcassets */ = {isa = PBXFileReference; lastKnownFileType = folder.assetcatalog; path = Assets.xcassets; sourceTree = "<group>"; };
		CA76839229DFC02900A68662 /* Base */ = {isa = PBXFileReference; lastKnownFileType = file.storyboard; name = Base; path = Base.lproj/LaunchScreen.storyboard; sourceTree = "<group>"; };
		CA76839429DFC02900A68662 /* Info.plist */ = {isa = PBXFileReference; lastKnownFileType = text.plist.xml; path = Info.plist; sourceTree = "<group>"; };
		CA76839929DFC02A00A68662 /* MVVM_DemoTests.xctest */ = {isa = PBXFileReference; explicitFileType = wrapper.cfbundle; includeInIndex = 0; path = MVVM_DemoTests.xctest; sourceTree = BUILT_PRODUCTS_DIR; };
		CA76839D29DFC02A00A68662 /* MVVM_DemoTests.swift */ = {isa = PBXFileReference; lastKnownFileType = sourcecode.swift; path = MVVM_DemoTests.swift; sourceTree = "<group>"; };
		CA7683B529DFEEE700A68662 /* CalculatorPresenter.swift */ = {isa = PBXFileReference; lastKnownFileType = sourcecode.swift; path = CalculatorPresenter.swift; sourceTree = "<group>"; };
		CA7683B629DFEEE700A68662 /* CalculatorWorker.swift */ = {isa = PBXFileReference; lastKnownFileType = sourcecode.swift; path = CalculatorWorker.swift; sourceTree = "<group>"; };
		CA7683B729DFEEE700A68662 /* CalculatorRouter.swift */ = {isa = PBXFileReference; lastKnownFileType = sourcecode.swift; path = CalculatorRouter.swift; sourceTree = "<group>"; };
		CA7683B829DFEEE700A68662 /* CalculatorModels.swift */ = {isa = PBXFileReference; lastKnownFileType = sourcecode.swift; path = CalculatorModels.swift; sourceTree = "<group>"; };
		CA7683B929DFEEE700A68662 /* CalculatorViewController.swift */ = {isa = PBXFileReference; lastKnownFileType = sourcecode.swift; path = CalculatorViewController.swift; sourceTree = "<group>"; };
		CA7683BA29DFEEE700A68662 /* CalculatorInteractor.swift */ = {isa = PBXFileReference; lastKnownFileType = sourcecode.swift; path = CalculatorInteractor.swift; sourceTree = "<group>"; };
/* End PBXFileReference section */

/* Begin PBXFrameworksBuildPhase section */
		CA76834D29DFBF8800A68662 /* Frameworks */ = {
			isa = PBXFrameworksBuildPhase;
			buildActionMask = 2147483647;
			files = (
			);
			runOnlyForDeploymentPostprocessing = 0;
		};
		CA76836229DFBF8900A68662 /* Frameworks */ = {
			isa = PBXFrameworksBuildPhase;
			buildActionMask = 2147483647;
			files = (
			);
			runOnlyForDeploymentPostprocessing = 0;
		};
		CA76838129DFC02900A68662 /* Frameworks */ = {
			isa = PBXFrameworksBuildPhase;
			buildActionMask = 2147483647;
			files = (
			);
			runOnlyForDeploymentPostprocessing = 0;
		};
		CA76839629DFC02A00A68662 /* Frameworks */ = {
			isa = PBXFrameworksBuildPhase;
			buildActionMask = 2147483647;
			files = (
			);
			runOnlyForDeploymentPostprocessing = 0;
		};
/* End PBXFrameworksBuildPhase section */

/* Begin PBXGroup section */
		CA7682D429DFBF0700A68662 = {
			isa = PBXGroup;
			children = (
				CA76835129DFBF8800A68662 /* VIP_Demo */,
				CA76836829DFBF8900A68662 /* VIP_DemoTests */,
				CA76838529DFC02900A68662 /* MVVM_Demo */,
				CA76839C29DFC02A00A68662 /* MVVM_DemoTests */,
				CA7682DE29DFBF0700A68662 /* Products */,
			);
			sourceTree = "<group>";
		};
		CA7682DE29DFBF0700A68662 /* Products */ = {
			isa = PBXGroup;
			children = (
				CA76835029DFBF8800A68662 /* VIP_Demo.app */,
				CA76836529DFBF8900A68662 /* VIP_DemoTests.xctest */,
				CA76838429DFC02900A68662 /* MVVM_Demo.app */,
				CA76839929DFC02A00A68662 /* MVVM_DemoTests.xctest */,
			);
			name = Products;
			sourceTree = "<group>";
		};
		CA76835129DFBF8800A68662 /* VIP_Demo */ = {
			isa = PBXGroup;
			children = (
				CA7683B429DFEEC300A68662 /* CalculatorView */,
				CA76835229DFBF8800A68662 /* AppDelegate.swift */,
				CA76835429DFBF8800A68662 /* SceneDelegate.swift */,
				CA76835B29DFBF8900A68662 /* Assets.xcassets */,
				CA76835D29DFBF8900A68662 /* LaunchScreen.storyboard */,
				CA76836029DFBF8900A68662 /* Info.plist */,
			);
			path = VIP_Demo;
			sourceTree = "<group>";
		};
		CA76836829DFBF8900A68662 /* VIP_DemoTests */ = {
			isa = PBXGroup;
			children = (
				CA76836929DFBF8900A68662 /* VIP_DemoTests.swift */,
			);
			path = VIP_DemoTests;
			sourceTree = "<group>";
		};
		CA76838529DFC02900A68662 /* MVVM_Demo */ = {
			isa = PBXGroup;
			children = (
				CA76838629DFC02900A68662 /* AppDelegate.swift */,
				CA76838829DFC02900A68662 /* SceneDelegate.swift */,
				CA76838A29DFC02900A68662 /* ViewController.swift */,
				CA76838C29DFC02900A68662 /* Main.storyboard */,
				CA76838F29DFC02900A68662 /* Assets.xcassets */,
				CA76839129DFC02900A68662 /* LaunchScreen.storyboard */,
				CA76839429DFC02900A68662 /* Info.plist */,
			);
			path = MVVM_Demo;
			sourceTree = "<group>";
		};
		CA76839C29DFC02A00A68662 /* MVVM_DemoTests */ = {
			isa = PBXGroup;
			children = (
				CA76839D29DFC02A00A68662 /* MVVM_DemoTests.swift */,
			);
			path = MVVM_DemoTests;
			sourceTree = "<group>";
		};
		CA7683B429DFEEC300A68662 /* CalculatorView */ = {
			isa = PBXGroup;
			children = (
				CA76835829DFBF8800A68662 /* Main.storyboard */,
				CA7683B529DFEEE700A68662 /* CalculatorPresenter.swift */,
				CA7683B629DFEEE700A68662 /* CalculatorWorker.swift */,
				CA7683B729DFEEE700A68662 /* CalculatorRouter.swift */,
				CA7683B829DFEEE700A68662 /* CalculatorModels.swift */,
				CA7683B929DFEEE700A68662 /* CalculatorViewController.swift */,
				CA7683BA29DFEEE700A68662 /* CalculatorInteractor.swift */,
			);
			path = CalculatorView;
			sourceTree = "<group>";
		};
/* End PBXGroup section */

/* Begin PBXNativeTarget section */
		CA76834F29DFBF8800A68662 /* VIP_Demo */ = {
			isa = PBXNativeTarget;
			buildConfigurationList = CA76837729DFBF8900A68662 /* Build configuration list for PBXNativeTarget "VIP_Demo" */;
			buildPhases = (
				CA76834C29DFBF8800A68662 /* Sources */,
				CA76834D29DFBF8800A68662 /* Frameworks */,
				CA76834E29DFBF8800A68662 /* Resources */,
			);
			buildRules = (
			);
			dependencies = (
			);
			name = VIP_Demo;
			productName = VIP_Demo;
			productReference = CA76835029DFBF8800A68662 /* VIP_Demo.app */;
			productType = "com.apple.product-type.application";
		};
		CA76836429DFBF8900A68662 /* VIP_DemoTests */ = {
			isa = PBXNativeTarget;
			buildConfigurationList = CA76837A29DFBF8900A68662 /* Build configuration list for PBXNativeTarget "VIP_DemoTests" */;
			buildPhases = (
				CA76836129DFBF8900A68662 /* Sources */,
				CA76836229DFBF8900A68662 /* Frameworks */,
				CA76836329DFBF8900A68662 /* Resources */,
			);
			buildRules = (
			);
			dependencies = (
				CA76836729DFBF8900A68662 /* PBXTargetDependency */,
			);
			name = VIP_DemoTests;
			productName = VIP_DemoTests;
			productReference = CA76836529DFBF8900A68662 /* VIP_DemoTests.xctest */;
			productType = "com.apple.product-type.bundle.unit-test";
		};
		CA76838329DFC02900A68662 /* MVVM_Demo */ = {
			isa = PBXNativeTarget;
			buildConfigurationList = CA7683AB29DFC02A00A68662 /* Build configuration list for PBXNativeTarget "MVVM_Demo" */;
			buildPhases = (
				CA76838029DFC02900A68662 /* Sources */,
				CA76838129DFC02900A68662 /* Frameworks */,
				CA76838229DFC02900A68662 /* Resources */,
			);
			buildRules = (
			);
			dependencies = (
			);
			name = MVVM_Demo;
			productName = MVVM_Demo;
			productReference = CA76838429DFC02900A68662 /* MVVM_Demo.app */;
			productType = "com.apple.product-type.application";
		};
		CA76839829DFC02A00A68662 /* MVVM_DemoTests */ = {
			isa = PBXNativeTarget;
			buildConfigurationList = CA7683AE29DFC02A00A68662 /* Build configuration list for PBXNativeTarget "MVVM_DemoTests" */;
			buildPhases = (
				CA76839529DFC02A00A68662 /* Sources */,
				CA76839629DFC02A00A68662 /* Frameworks */,
				CA76839729DFC02A00A68662 /* Resources */,
			);
			buildRules = (
			);
			dependencies = (
				CA76839B29DFC02A00A68662 /* PBXTargetDependency */,
			);
			name = MVVM_DemoTests;
			productName = MVVM_DemoTests;
			productReference = CA76839929DFC02A00A68662 /* MVVM_DemoTests.xctest */;
			productType = "com.apple.product-type.bundle.unit-test";
		};
/* End PBXNativeTarget section */

/* Begin PBXProject section */
		CA7682D529DFBF0700A68662 /* Project object */ = {
			isa = PBXProject;
			attributes = {
				BuildIndependentTargetsInParallel = 1;
				LastSwiftUpdateCheck = 1420;
				LastUpgradeCheck = 1420;
				TargetAttributes = {
					CA76834F29DFBF8800A68662 = {
						CreatedOnToolsVersion = 14.2;
					};
					CA76836429DFBF8900A68662 = {
						CreatedOnToolsVersion = 14.2;
						TestTargetID = CA76834F29DFBF8800A68662;
					};
					CA76838329DFC02900A68662 = {
						CreatedOnToolsVersion = 14.2;
					};
					CA76839829DFC02A00A68662 = {
						CreatedOnToolsVersion = 14.2;
						TestTargetID = CA76838329DFC02900A68662;
					};
				};
			};
			buildConfigurationList = CA7682D829DFBF0700A68662 /* Build configuration list for PBXProject "MVVM_VS_VIP" */;
			compatibilityVersion = "Xcode 14.0";
			developmentRegion = en;
			hasScannedForEncodings = 0;
			knownRegions = (
				en,
				Base,
			);
			mainGroup = CA7682D429DFBF0700A68662;
			productRefGroup = CA7682DE29DFBF0700A68662 /* Products */;
			projectDirPath = "";
			projectRoot = "";
			targets = (
				CA76834F29DFBF8800A68662 /* VIP_Demo */,
				CA76836429DFBF8900A68662 /* VIP_DemoTests */,
				CA76838329DFC02900A68662 /* MVVM_Demo */,
				CA76839829DFC02A00A68662 /* MVVM_DemoTests */,
			);
		};
/* End PBXProject section */

/* Begin PBXResourcesBuildPhase section */
		CA76834E29DFBF8800A68662 /* Resources */ = {
			isa = PBXResourcesBuildPhase;
			buildActionMask = 2147483647;
			files = (
				CA76835F29DFBF8900A68662 /* LaunchScreen.storyboard in Resources */,
				CA76835C29DFBF8900A68662 /* Assets.xcassets in Resources */,
				CA76835A29DFBF8800A68662 /* Main.storyboard in Resources */,
			);
			runOnlyForDeploymentPostprocessing = 0;
		};
		CA76836329DFBF8900A68662 /* Resources */ = {
			isa = PBXResourcesBuildPhase;
			buildActionMask = 2147483647;
			files = (
			);
			runOnlyForDeploymentPostprocessing = 0;
		};
		CA76838229DFC02900A68662 /* Resources */ = {
			isa = PBXResourcesBuildPhase;
			buildActionMask = 2147483647;
			files = (
				CA76839329DFC02900A68662 /* LaunchScreen.storyboard in Resources */,
				CA76839029DFC02900A68662 /* Assets.xcassets in Resources */,
				CA76838E29DFC02900A68662 /* Main.storyboard in Resources */,
			);
			runOnlyForDeploymentPostprocessing = 0;
		};
		CA76839729DFC02A00A68662 /* Resources */ = {
			isa = PBXResourcesBuildPhase;
			buildActionMask = 2147483647;
			files = (
			);
			runOnlyForDeploymentPostprocessing = 0;
		};
/* End PBXResourcesBuildPhase section */

/* Begin PBXSourcesBuildPhase section */
		CA76834C29DFBF8800A68662 /* Sources */ = {
			isa = PBXSourcesBuildPhase;
			buildActionMask = 2147483647;
			files = (
				CA7683C029DFEEE700A68662 /* CalculatorInteractor.swift in Sources */,
				CA76835329DFBF8800A68662 /* AppDelegate.swift in Sources */,
				CA7683BF29DFEEE700A68662 /* CalculatorViewController.swift in Sources */,
				CA7683BB29DFEEE700A68662 /* CalculatorPresenter.swift in Sources */,
				CA7683BC29DFEEE700A68662 /* CalculatorWorker.swift in Sources */,
				CA7683BE29DFEEE700A68662 /* CalculatorModels.swift in Sources */,
				CA7683BD29DFEEE700A68662 /* CalculatorRouter.swift in Sources */,
				CA76835529DFBF8800A68662 /* SceneDelegate.swift in Sources */,
			);
			runOnlyForDeploymentPostprocessing = 0;
		};
		CA76836129DFBF8900A68662 /* Sources */ = {
			isa = PBXSourcesBuildPhase;
			buildActionMask = 2147483647;
			files = (
				CA76836A29DFBF8900A68662 /* VIP_DemoTests.swift in Sources */,
			);
			runOnlyForDeploymentPostprocessing = 0;
		};
		CA76838029DFC02900A68662 /* Sources */ = {
			isa = PBXSourcesBuildPhase;
			buildActionMask = 2147483647;
			files = (
				CA76838B29DFC02900A68662 /* ViewController.swift in Sources */,
				CA76838729DFC02900A68662 /* AppDelegate.swift in Sources */,
				CA76838929DFC02900A68662 /* SceneDelegate.swift in Sources */,
			);
			runOnlyForDeploymentPostprocessing = 0;
		};
		CA76839529DFC02A00A68662 /* Sources */ = {
			isa = PBXSourcesBuildPhase;
			buildActionMask = 2147483647;
			files = (
				CA76839E29DFC02A00A68662 /* MVVM_DemoTests.swift in Sources */,
			);
			runOnlyForDeploymentPostprocessing = 0;
		};
/* End PBXSourcesBuildPhase section */

/* Begin PBXTargetDependency section */
		CA76836729DFBF8900A68662 /* PBXTargetDependency */ = {
			isa = PBXTargetDependency;
			target = CA76834F29DFBF8800A68662 /* VIP_Demo */;
			targetProxy = CA76836629DFBF8900A68662 /* PBXContainerItemProxy */;
		};
		CA76839B29DFC02A00A68662 /* PBXTargetDependency */ = {
			isa = PBXTargetDependency;
			target = CA76838329DFC02900A68662 /* MVVM_Demo */;
			targetProxy = CA76839A29DFC02A00A68662 /* PBXContainerItemProxy */;
		};
/* End PBXTargetDependency section */

/* Begin PBXVariantGroup section */
		CA76835829DFBF8800A68662 /* Main.storyboard */ = {
			isa = PBXVariantGroup;
			children = (
				CA76835929DFBF8800A68662 /* Base */,
			);
			name = Main.storyboard;
			sourceTree = "<group>";
		};
		CA76835D29DFBF8900A68662 /* LaunchScreen.storyboard */ = {
			isa = PBXVariantGroup;
			children = (
				CA76835E29DFBF8900A68662 /* Base */,
			);
			name = LaunchScreen.storyboard;
			sourceTree = "<group>";
		};
		CA76838C29DFC02900A68662 /* Main.storyboard */ = {
			isa = PBXVariantGroup;
			children = (
				CA76838D29DFC02900A68662 /* Base */,
			);
			name = Main.storyboard;
			sourceTree = "<group>";
		};
		CA76839129DFC02900A68662 /* LaunchScreen.storyboard */ = {
			isa = PBXVariantGroup;
			children = (
				CA76839229DFC02900A68662 /* Base */,
			);
			name = LaunchScreen.storyboard;
			sourceTree = "<group>";
		};
/* End PBXVariantGroup section */

/* Begin XCBuildConfiguration section */
		CA76830529DFBF0800A68662 /* Debug */ = {
			isa = XCBuildConfiguration;
			buildSettings = {
				ALWAYS_SEARCH_USER_PATHS = NO;
				CLANG_ANALYZER_NONNULL = YES;
				CLANG_ANALYZER_NUMBER_OBJECT_CONVERSION = YES_AGGRESSIVE;
				CLANG_CXX_LANGUAGE_STANDARD = "gnu++20";
				CLANG_ENABLE_MODULES = YES;
				CLANG_ENABLE_OBJC_ARC = YES;
				CLANG_ENABLE_OBJC_WEAK = YES;
				CLANG_WARN_BLOCK_CAPTURE_AUTORELEASING = YES;
				CLANG_WARN_BOOL_CONVERSION = YES;
				CLANG_WARN_COMMA = YES;
				CLANG_WARN_CONSTANT_CONVERSION = YES;
				CLANG_WARN_DEPRECATED_OBJC_IMPLEMENTATIONS = YES;
				CLANG_WARN_DIRECT_OBJC_ISA_USAGE = YES_ERROR;
				CLANG_WARN_DOCUMENTATION_COMMENTS = YES;
				CLANG_WARN_EMPTY_BODY = YES;
				CLANG_WARN_ENUM_CONVERSION = YES;
				CLANG_WARN_INFINITE_RECURSION = YES;
				CLANG_WARN_INT_CONVERSION = YES;
				CLANG_WARN_NON_LITERAL_NULL_CONVERSION = YES;
				CLANG_WARN_OBJC_IMPLICIT_RETAIN_SELF = YES;
				CLANG_WARN_OBJC_LITERAL_CONVERSION = YES;
				CLANG_WARN_OBJC_ROOT_CLASS = YES_ERROR;
				CLANG_WARN_QUOTED_INCLUDE_IN_FRAMEWORK_HEADER = YES;
				CLANG_WARN_RANGE_LOOP_ANALYSIS = YES;
				CLANG_WARN_STRICT_PROTOTYPES = YES;
				CLANG_WARN_SUSPICIOUS_MOVE = YES;
				CLANG_WARN_UNGUARDED_AVAILABILITY = YES_AGGRESSIVE;
				CLANG_WARN_UNREACHABLE_CODE = YES;
				CLANG_WARN__DUPLICATE_METHOD_MATCH = YES;
				COPY_PHASE_STRIP = NO;
				DEBUG_INFORMATION_FORMAT = dwarf;
				ENABLE_STRICT_OBJC_MSGSEND = YES;
				ENABLE_TESTABILITY = YES;
				GCC_C_LANGUAGE_STANDARD = gnu11;
				GCC_DYNAMIC_NO_PIC = NO;
				GCC_NO_COMMON_BLOCKS = YES;
				GCC_OPTIMIZATION_LEVEL = 0;
				GCC_PREPROCESSOR_DEFINITIONS = (
					"DEBUG=1",
					"$(inherited)",
				);
				GCC_WARN_64_TO_32_BIT_CONVERSION = YES;
				GCC_WARN_ABOUT_RETURN_TYPE = YES_ERROR;
				GCC_WARN_UNDECLARED_SELECTOR = YES;
				GCC_WARN_UNINITIALIZED_AUTOS = YES_AGGRESSIVE;
				GCC_WARN_UNUSED_FUNCTION = YES;
				GCC_WARN_UNUSED_VARIABLE = YES;
				IPHONEOS_DEPLOYMENT_TARGET = 16.2;
				MTL_ENABLE_DEBUG_INFO = INCLUDE_SOURCE;
				MTL_FAST_MATH = YES;
				ONLY_ACTIVE_ARCH = YES;
				SDKROOT = iphoneos;
				SWIFT_ACTIVE_COMPILATION_CONDITIONS = DEBUG;
				SWIFT_OPTIMIZATION_LEVEL = "-Onone";
			};
			name = Debug;
		};
		CA76830629DFBF0800A68662 /* Release */ = {
			isa = XCBuildConfiguration;
			buildSettings = {
				ALWAYS_SEARCH_USER_PATHS = NO;
				CLANG_ANALYZER_NONNULL = YES;
				CLANG_ANALYZER_NUMBER_OBJECT_CONVERSION = YES_AGGRESSIVE;
				CLANG_CXX_LANGUAGE_STANDARD = "gnu++20";
				CLANG_ENABLE_MODULES = YES;
				CLANG_ENABLE_OBJC_ARC = YES;
				CLANG_ENABLE_OBJC_WEAK = YES;
				CLANG_WARN_BLOCK_CAPTURE_AUTORELEASING = YES;
				CLANG_WARN_BOOL_CONVERSION = YES;
				CLANG_WARN_COMMA = YES;
				CLANG_WARN_CONSTANT_CONVERSION = YES;
				CLANG_WARN_DEPRECATED_OBJC_IMPLEMENTATIONS = YES;
				CLANG_WARN_DIRECT_OBJC_ISA_USAGE = YES_ERROR;
				CLANG_WARN_DOCUMENTATION_COMMENTS = YES;
				CLANG_WARN_EMPTY_BODY = YES;
				CLANG_WARN_ENUM_CONVERSION = YES;
				CLANG_WARN_INFINITE_RECURSION = YES;
				CLANG_WARN_INT_CONVERSION = YES;
				CLANG_WARN_NON_LITERAL_NULL_CONVERSION = YES;
				CLANG_WARN_OBJC_IMPLICIT_RETAIN_SELF = YES;
				CLANG_WARN_OBJC_LITERAL_CONVERSION = YES;
				CLANG_WARN_OBJC_ROOT_CLASS = YES_ERROR;
				CLANG_WARN_QUOTED_INCLUDE_IN_FRAMEWORK_HEADER = YES;
				CLANG_WARN_RANGE_LOOP_ANALYSIS = YES;
				CLANG_WARN_STRICT_PROTOTYPES = YES;
				CLANG_WARN_SUSPICIOUS_MOVE = YES;
				CLANG_WARN_UNGUARDED_AVAILABILITY = YES_AGGRESSIVE;
				CLANG_WARN_UNREACHABLE_CODE = YES;
				CLANG_WARN__DUPLICATE_METHOD_MATCH = YES;
				COPY_PHASE_STRIP = NO;
				DEBUG_INFORMATION_FORMAT = "dwarf-with-dsym";
				ENABLE_NS_ASSERTIONS = NO;
				ENABLE_STRICT_OBJC_MSGSEND = YES;
				GCC_C_LANGUAGE_STANDARD = gnu11;
				GCC_NO_COMMON_BLOCKS = YES;
				GCC_WARN_64_TO_32_BIT_CONVERSION = YES;
				GCC_WARN_ABOUT_RETURN_TYPE = YES_ERROR;
				GCC_WARN_UNDECLARED_SELECTOR = YES;
				GCC_WARN_UNINITIALIZED_AUTOS = YES_AGGRESSIVE;
				GCC_WARN_UNUSED_FUNCTION = YES;
				GCC_WARN_UNUSED_VARIABLE = YES;
				IPHONEOS_DEPLOYMENT_TARGET = 16.2;
				MTL_ENABLE_DEBUG_INFO = NO;
				MTL_FAST_MATH = YES;
				SDKROOT = iphoneos;
				SWIFT_COMPILATION_MODE = wholemodule;
				SWIFT_OPTIMIZATION_LEVEL = "-O";
				VALIDATE_PRODUCT = YES;
			};
			name = Release;
		};
		CA76837829DFBF8900A68662 /* Debug */ = {
			isa = XCBuildConfiguration;
			buildSettings = {
				ASSETCATALOG_COMPILER_APPICON_NAME = AppIcon;
				ASSETCATALOG_COMPILER_GLOBAL_ACCENT_COLOR_NAME = AccentColor;
				CODE_SIGN_STYLE = Automatic;
				CURRENT_PROJECT_VERSION = 1;
				GENERATE_INFOPLIST_FILE = YES;
				INFOPLIST_FILE = VIP_Demo/Info.plist;
				INFOPLIST_KEY_UIApplicationSupportsIndirectInputEvents = YES;
				INFOPLIST_KEY_UILaunchStoryboardName = LaunchScreen;
				INFOPLIST_KEY_UIMainStoryboardFile = Main;
				INFOPLIST_KEY_UISupportedInterfaceOrientations_iPad = "UIInterfaceOrientationPortrait UIInterfaceOrientationPortraitUpsideDown UIInterfaceOrientationLandscapeLeft UIInterfaceOrientationLandscapeRight";
				INFOPLIST_KEY_UISupportedInterfaceOrientations_iPhone = "UIInterfaceOrientationPortrait UIInterfaceOrientationLandscapeLeft UIInterfaceOrientationLandscapeRight";
				LD_RUNPATH_SEARCH_PATHS = (
					"$(inherited)",
					"@executable_path/Frameworks",
				);
				MARKETING_VERSION = 1.0;
				PRODUCT_BUNDLE_IDENTIFIER = "com.cimbthai.digital.tako.dev.VIP-Demo";
				PRODUCT_NAME = "$(TARGET_NAME)";
				SWIFT_EMIT_LOC_STRINGS = YES;
				SWIFT_VERSION = 5.0;
				TARGETED_DEVICE_FAMILY = "1,2";
			};
			name = Debug;
		};
		CA76837929DFBF8900A68662 /* Release */ = {
			isa = XCBuildConfiguration;
			buildSettings = {
				ASSETCATALOG_COMPILER_APPICON_NAME = AppIcon;
				ASSETCATALOG_COMPILER_GLOBAL_ACCENT_COLOR_NAME = AccentColor;
				CODE_SIGN_STYLE = Automatic;
				CURRENT_PROJECT_VERSION = 1;
				GENERATE_INFOPLIST_FILE = YES;
				INFOPLIST_FILE = VIP_Demo/Info.plist;
				INFOPLIST_KEY_UIApplicationSupportsIndirectInputEvents = YES;
				INFOPLIST_KEY_UILaunchStoryboardName = LaunchScreen;
				INFOPLIST_KEY_UIMainStoryboardFile = Main;
				INFOPLIST_KEY_UISupportedInterfaceOrientations_iPad = "UIInterfaceOrientationPortrait UIInterfaceOrientationPortraitUpsideDown UIInterfaceOrientationLandscapeLeft UIInterfaceOrientationLandscapeRight";
				INFOPLIST_KEY_UISupportedInterfaceOrientations_iPhone = "UIInterfaceOrientationPortrait UIInterfaceOrientationLandscapeLeft UIInterfaceOrientationLandscapeRight";
				LD_RUNPATH_SEARCH_PATHS = (
					"$(inherited)",
					"@executable_path/Frameworks",
				);
				MARKETING_VERSION = 1.0;
				PRODUCT_BUNDLE_IDENTIFIER = "com.cimbthai.digital.tako.dev.VIP-Demo";
				PRODUCT_NAME = "$(TARGET_NAME)";
				SWIFT_EMIT_LOC_STRINGS = YES;
				SWIFT_VERSION = 5.0;
				TARGETED_DEVICE_FAMILY = "1,2";
			};
			name = Release;
		};
		CA76837B29DFBF8900A68662 /* Debug */ = {
			isa = XCBuildConfiguration;
			buildSettings = {
				ALWAYS_EMBED_SWIFT_STANDARD_LIBRARIES = YES;
				BUNDLE_LOADER = "$(TEST_HOST)";
				CODE_SIGN_STYLE = Automatic;
				CURRENT_PROJECT_VERSION = 1;
				GENERATE_INFOPLIST_FILE = YES;
				IPHONEOS_DEPLOYMENT_TARGET = 16.2;
				MARKETING_VERSION = 1.0;
				PRODUCT_BUNDLE_IDENTIFIER = "com.cimbthai.digital.tako.dev.VIP-DemoTests";
				PRODUCT_NAME = "$(TARGET_NAME)";
				SWIFT_EMIT_LOC_STRINGS = NO;
				SWIFT_VERSION = 5.0;
				TARGETED_DEVICE_FAMILY = "1,2";
				TEST_HOST = "$(BUILT_PRODUCTS_DIR)/VIP_Demo.app/$(BUNDLE_EXECUTABLE_FOLDER_PATH)/VIP_Demo";
			};
			name = Debug;
		};
		CA76837C29DFBF8900A68662 /* Release */ = {
			isa = XCBuildConfiguration;
			buildSettings = {
				ALWAYS_EMBED_SWIFT_STANDARD_LIBRARIES = YES;
				BUNDLE_LOADER = "$(TEST_HOST)";
				CODE_SIGN_STYLE = Automatic;
				CURRENT_PROJECT_VERSION = 1;
				GENERATE_INFOPLIST_FILE = YES;
				IPHONEOS_DEPLOYMENT_TARGET = 16.2;
				MARKETING_VERSION = 1.0;
				PRODUCT_BUNDLE_IDENTIFIER = "com.cimbthai.digital.tako.dev.VIP-DemoTests";
				PRODUCT_NAME = "$(TARGET_NAME)";
				SWIFT_EMIT_LOC_STRINGS = NO;
				SWIFT_VERSION = 5.0;
				TARGETED_DEVICE_FAMILY = "1,2";
				TEST_HOST = "$(BUILT_PRODUCTS_DIR)/VIP_Demo.app/$(BUNDLE_EXECUTABLE_FOLDER_PATH)/VIP_Demo";
			};
			name = Release;
		};
		CA7683AC29DFC02A00A68662 /* Debug */ = {
			isa = XCBuildConfiguration;
			buildSettings = {
				ASSETCATALOG_COMPILER_APPICON_NAME = AppIcon;
				ASSETCATALOG_COMPILER_GLOBAL_ACCENT_COLOR_NAME = AccentColor;
				CODE_SIGN_STYLE = Automatic;
				CURRENT_PROJECT_VERSION = 1;
				GENERATE_INFOPLIST_FILE = YES;
				INFOPLIST_FILE = MVVM_Demo/Info.plist;
				INFOPLIST_KEY_UIApplicationSupportsIndirectInputEvents = YES;
				INFOPLIST_KEY_UILaunchStoryboardName = LaunchScreen;
				INFOPLIST_KEY_UIMainStoryboardFile = Main;
				INFOPLIST_KEY_UISupportedInterfaceOrientations_iPad = "UIInterfaceOrientationPortrait UIInterfaceOrientationPortraitUpsideDown UIInterfaceOrientationLandscapeLeft UIInterfaceOrientationLandscapeRight";
				INFOPLIST_KEY_UISupportedInterfaceOrientations_iPhone = "UIInterfaceOrientationPortrait UIInterfaceOrientationLandscapeLeft UIInterfaceOrientationLandscapeRight";
				LD_RUNPATH_SEARCH_PATHS = (
					"$(inherited)",
					"@executable_path/Frameworks",
				);
				MARKETING_VERSION = 1.0;
				PRODUCT_BUNDLE_IDENTIFIER = "com.cimbthai.digital.tako.dev.MVVM-Demo";
				PRODUCT_NAME = "$(TARGET_NAME)";
				SWIFT_EMIT_LOC_STRINGS = YES;
				SWIFT_VERSION = 5.0;
				TARGETED_DEVICE_FAMILY = "1,2";
			};
			name = Debug;
		};
		CA7683AD29DFC02A00A68662 /* Release */ = {
			isa = XCBuildConfiguration;
			buildSettings = {
				ASSETCATALOG_COMPILER_APPICON_NAME = AppIcon;
				ASSETCATALOG_COMPILER_GLOBAL_ACCENT_COLOR_NAME = AccentColor;
				CODE_SIGN_STYLE = Automatic;
				CURRENT_PROJECT_VERSION = 1;
				GENERATE_INFOPLIST_FILE = YES;
				INFOPLIST_FILE = MVVM_Demo/Info.plist;
				INFOPLIST_KEY_UIApplicationSupportsIndirectInputEvents = YES;
				INFOPLIST_KEY_UILaunchStoryboardName = LaunchScreen;
				INFOPLIST_KEY_UIMainStoryboardFile = Main;
				INFOPLIST_KEY_UISupportedInterfaceOrientations_iPad = "UIInterfaceOrientationPortrait UIInterfaceOrientationPortraitUpsideDown UIInterfaceOrientationLandscapeLeft UIInterfaceOrientationLandscapeRight";
				INFOPLIST_KEY_UISupportedInterfaceOrientations_iPhone = "UIInterfaceOrientationPortrait UIInterfaceOrientationLandscapeLeft UIInterfaceOrientationLandscapeRight";
				LD_RUNPATH_SEARCH_PATHS = (
					"$(inherited)",
					"@executable_path/Frameworks",
				);
				MARKETING_VERSION = 1.0;
				PRODUCT_BUNDLE_IDENTIFIER = "com.cimbthai.digital.tako.dev.MVVM-Demo";
				PRODUCT_NAME = "$(TARGET_NAME)";
				SWIFT_EMIT_LOC_STRINGS = YES;
				SWIFT_VERSION = 5.0;
				TARGETED_DEVICE_FAMILY = "1,2";
			};
			name = Release;
		};
		CA7683AF29DFC02A00A68662 /* Debug */ = {
			isa = XCBuildConfiguration;
			buildSettings = {
				ALWAYS_EMBED_SWIFT_STANDARD_LIBRARIES = YES;
				BUNDLE_LOADER = "$(TEST_HOST)";
				CODE_SIGN_STYLE = Automatic;
				CURRENT_PROJECT_VERSION = 1;
				GENERATE_INFOPLIST_FILE = YES;
				IPHONEOS_DEPLOYMENT_TARGET = 16.2;
				MARKETING_VERSION = 1.0;
				PRODUCT_BUNDLE_IDENTIFIER = "com.cimbthai.digital.tako.dev.MVVM-DemoTests";
				PRODUCT_NAME = "$(TARGET_NAME)";
				SWIFT_EMIT_LOC_STRINGS = NO;
				SWIFT_VERSION = 5.0;
				TARGETED_DEVICE_FAMILY = "1,2";
				TEST_HOST = "$(BUILT_PRODUCTS_DIR)/MVVM_Demo.app/$(BUNDLE_EXECUTABLE_FOLDER_PATH)/MVVM_Demo";
			};
			name = Debug;
		};
		CA7683B029DFC02A00A68662 /* Release */ = {
			isa = XCBuildConfiguration;
			buildSettings = {
				ALWAYS_EMBED_SWIFT_STANDARD_LIBRARIES = YES;
				BUNDLE_LOADER = "$(TEST_HOST)";
				CODE_SIGN_STYLE = Automatic;
				CURRENT_PROJECT_VERSION = 1;
				GENERATE_INFOPLIST_FILE = YES;
				IPHONEOS_DEPLOYMENT_TARGET = 16.2;
				MARKETING_VERSION = 1.0;
				PRODUCT_BUNDLE_IDENTIFIER = "com.cimbthai.digital.tako.dev.MVVM-DemoTests";
				PRODUCT_NAME = "$(TARGET_NAME)";
				SWIFT_EMIT_LOC_STRINGS = NO;
				SWIFT_VERSION = 5.0;
				TARGETED_DEVICE_FAMILY = "1,2";
				TEST_HOST = "$(BUILT_PRODUCTS_DIR)/MVVM_Demo.app/$(BUNDLE_EXECUTABLE_FOLDER_PATH)/MVVM_Demo";
			};
			name = Release;
		};
/* End XCBuildConfiguration section */

/* Begin XCConfigurationList section */
		CA7682D829DFBF0700A68662 /* Build configuration list for PBXProject "MVVM_VS_VIP" */ = {
			isa = XCConfigurationList;
			buildConfigurations = (
				CA76830529DFBF0800A68662 /* Debug */,
				CA76830629DFBF0800A68662 /* Release */,
			);
			defaultConfigurationIsVisible = 0;
			defaultConfigurationName = Release;
		};
		CA76837729DFBF8900A68662 /* Build configuration list for PBXNativeTarget "VIP_Demo" */ = {
			isa = XCConfigurationList;
			buildConfigurations = (
				CA76837829DFBF8900A68662 /* Debug */,
				CA76837929DFBF8900A68662 /* Release */,
			);
			defaultConfigurationIsVisible = 0;
			defaultConfigurationName = Release;
		};
		CA76837A29DFBF8900A68662 /* Build configuration list for PBXNativeTarget "VIP_DemoTests" */ = {
			isa = XCConfigurationList;
			buildConfigurations = (
				CA76837B29DFBF8900A68662 /* Debug */,
				CA76837C29DFBF8900A68662 /* Release */,
			);
			defaultConfigurationIsVisible = 0;
			defaultConfigurationName = Release;
		};
		CA7683AB29DFC02A00A68662 /* Build configuration list for PBXNativeTarget "MVVM_Demo" */ = {
			isa = XCConfigurationList;
			buildConfigurations = (
				CA7683AC29DFC02A00A68662 /* Debug */,
				CA7683AD29DFC02A00A68662 /* Release */,
			);
			defaultConfigurationIsVisible = 0;
			defaultConfigurationName = Release;
		};
		CA7683AE29DFC02A00A68662 /* Build configuration list for PBXNativeTarget "MVVM_DemoTests" */ = {
			isa = XCConfigurationList;
			buildConfigurations = (
				CA7683AF29DFC02A00A68662 /* Debug */,
				CA7683B029DFC02A00A68662 /* Release */,
			);
			defaultConfigurationIsVisible = 0;
			defaultConfigurationName = Release;
		};
/* End XCConfigurationList section */
	};
	rootObject = CA7682D529DFBF0700A68662 /* Project object */;
}
